
Microsoft Visual Studio Solution File, Format Version 12.00
# Visual Studio Version 16
VisualStudioVersion = 16.0.31424.327
MinimumVisualStudioVersion = 10.0.40219.1
Project("{9A19103F-16F7-4668-BE54-9A1E7A4F7556}") = "QuizApi", "src\QuizApi\QuizApi.csproj", "{1230BA04-7AD2-4E75-A377-3CB3C22A988C}"
EndProject
Project("{9A19103F-16F7-4668-BE54-9A1E7A4F7556}") = "QuizApi.UnitTest", "test\QuizApi.UnitTest\QuizApi.UnitTest.csproj", "{49A3F61D-33A6-41A5-87BD-5FD33B09C981}"
EndProject
Global
	GlobalSection(SolutionConfigurationPlatforms) = preSolution
		Debug|Any CPU = Debug|Any CPU
		Release|Any CPU = Release|Any CPU
	EndGlobalSection
	GlobalSection(ProjectConfigurationPlatforms) = postSolution
		{1230BA04-7AD2-4E75-A377-3CB3C22A988C}.Debug|Any CPU.ActiveCfg = Debug|Any CPU
		{1230BA04-7AD2-4E75-A377-3CB3C22A988C}.Debug|Any CPU.Build.0 = Debug|Any CPU
		{1230BA04-7AD2-4E75-A377-3CB3C22A988C}.Release|Any CPU.ActiveCfg = Release|Any CPU
		{1230BA04-7AD2-4E75-A377-3CB3C22A988C}.Release|Any CPU.Build.0 = Release|Any CPU
		{49A3F61D-33A6-41A5-87BD-5FD33B09C981}.Debug|Any CPU.ActiveCfg = Debug|Any CPU
		{49A3F61D-33A6-41A5-87BD-5FD33B09C981}.Debug|Any CPU.Build.0 = Debug|Any CPU
		{49A3F61D-33A6-41A5-87BD-5FD33B09C981}.Release|Any CPU.ActiveCfg = Release|Any CPU
		{49A3F61D-33A6-41A5-87BD-5FD33B09C981}.Release|Any CPU.Build.0 = Release|Any CPU
	EndGlobalSection
	GlobalSection(SolutionProperties) = preSolution
		HideSolutionNode = FALSE
	EndGlobalSection
	GlobalSection(ExtensibilityGlobals) = postSolution
		SolutionGuid = {63871A78-556B-4F02-9AE7-202DEEF937A5}
	EndGlobalSection
EndGlobal
